Microsoft Visual Studio Solution File, Format Version 12.00
# Visual Studio Version 17
VisualStudioVersion = 17.5.2.0
MinimumVisualStudioVersion = 10.0.40219.1
Project("{FAE04EC0-301F-11D3-BF4B-00C04F79EFBC}") = "NET-POO-DESAFIO", "NET-POO-DESAFIO.csproj", "{CBF016F8-A2D2-95B6-62A1-CEA4AF8FE996}"
EndProject
Global
	GlobalSection(SolutionConfigurationPlatforms) = preSolution
		Debug|Any CPU = Debug|Any CPU
		Release|Any CPU = Release|Any CPU
	EndGlobalSection
	GlobalSection(ProjectConfigurationPlatforms) = postSolution
		{CBF016F8-A2D2-95B6-62A1-CEA4AF8FE996}.Debug|Any CPU.ActiveCfg = Debug|Any CPU
		{CBF016F8-A2D2-95B6-62A1-CEA4AF8FE996}.Debug|Any CPU.Build.0 = Debug|Any CPU
		{CBF016F8-A2D2-95B6-62A1-CEA4AF8FE996}.Release|Any CPU.ActiveCfg = Release|Any CPU
		{CBF016F8-A2D2-95B6-62A1-CEA4AF8FE996}.Release|Any CPU.Build.0 = Release|Any CPU
	EndGlobalSection
	GlobalSection(SolutionProperties) = preSolution
		HideSolutionNode = FALSE
	EndGlobalSection
	GlobalSection(ExtensibilityGlobals) = postSolution
		SolutionGuid = {CD55FA86-1A7D-4203-AF07-F01C7DA7887F}
	EndGlobalSection
EndGlobal
